
Microsoft Visual Studio Solution File, Format Version 12.00
# Visual Studio Version 17
VisualStudioVersion = 17.7.34009.444
MinimumVisualStudioVersion = 10.0.40219.1
Project("{FAE04EC0-301F-11D3-BF4B-00C04F79EFBC}") = "WpfApp1", "WpfApp1\WpfApp1.csproj", "{AEDA6F07-F88B-4686-9AF6-665C09BB7D32}"
EndProject
Global
	GlobalSection(SolutionConfigurationPlatforms) = preSolution
		Debug|Any CPU = Debug|Any CPU
		Release|Any CPU = Release|Any CPU
	EndGlobalSection
	GlobalSection(ProjectConfigurationPlatforms) = postSolution
		{AEDA6F07-F88B-4686-9AF6-665C09BB7D32}.Debug|Any CPU.ActiveCfg = Debug|Any CPU
		{AEDA6F07-F88B-4686-9AF6-665C09BB7D32}.Debug|Any CPU.Build.0 = Debug|Any CPU
		{AEDA6F07-F88B-4686-9AF6-665C09BB7D32}.Release|Any CPU.ActiveCfg = Release|Any CPU
		{AEDA6F07-F88B-4686-9AF6-665C09BB7D32}.Release|Any CPU.Build.0 = Release|Any CPU
	EndGlobalSection
	GlobalSection(SolutionProperties) = preSolution
		HideSolutionNode = FALSE
	EndGlobalSection
	GlobalSection(ExtensibilityGlobals) = postSolution
		SolutionGuid = {AEE6CA53-6D3B-4830-B5BC-DBFD07007C3C}
	EndGlobalSection
EndGlobal
